
Microsoft Visual Studio Solution File, Format Version 12.00
# Visual Studio 15
VisualStudioVersion = 15.0.28307.168
MinimumVisualStudioVersion = 10.0.40219.1
Project("{FAE04EC0-301F-11D3-BF4B-00C04F79EFBC}") = "InventoryService", "InventoryService\InventoryService.csproj", "{63A33F63-090E-436A-A705-16527EB9E4DD}"
EndProject
Global
	GlobalSection(SolutionConfigurationPlatforms) = preSolution
		Debug|Any CPU = Debug|Any CPU
		Release|Any CPU = Release|Any CPU
	EndGlobalSection
	GlobalSection(ProjectConfigurationPlatforms) = postSolution
		{63A33F63-090E-436A-A705-16527EB9E4DD}.Debug|Any CPU.ActiveCfg = Debug|Any CPU
		{63A33F63-090E-436A-A705-16527EB9E4DD}.Debug|Any CPU.Build.0 = Debug|Any CPU
		{63A33F63-090E-436A-A705-16527EB9E4DD}.Release|Any CPU.ActiveCfg = Release|Any CPU
		{63A33F63-090E-436A-A705-16527EB9E4DD}.Release|Any CPU.Build.0 = Release|Any CPU
	EndGlobalSection
	GlobalSection(SolutionProperties) = preSolution
		HideSolutionNode = FALSE
	EndGlobalSection
	GlobalSection(ExtensibilityGlobals) = postSolution
		SolutionGuid = {4260E17A-2BE1-48EA-94B1-D7939008D2C3}
	EndGlobalSection
EndGlobal
